
Microsoft Visual Studio Solution File, Format Version 12.00
# Visual Studio Version 16
VisualStudioVersion = 16.0.31105.61
MinimumVisualStudioVersion = 10.0.40219.1
Project("{2150E333-8FDC-42A3-9474-1A3956D46DE8}") = "Services", "Services", "{2A233E6D-56F6-4A5D-8933-E330B3966E97}"
EndProject
Project("{2150E333-8FDC-42A3-9474-1A3956D46DE8}") = "Catalog", "Catalog", "{959D2222-0B5D-4D8A-A1AB-7DF70F9ABF07}"
EndProject
Project("{9A19103F-16F7-4668-BE54-9A1E7A4F7556}") = "UdemyMicroservices.Catalog", "Services\Catalog\UdemyMicroservices.Catalog\UdemyMicroservices.Catalog.csproj", "{1017AAB1-EAB5-4959-A8AB-D8FE20843AA6}"
EndProject
Project("{2150E333-8FDC-42A3-9474-1A3956D46DE8}") = "Solution Items", "Solution Items", "{14E3A80F-2507-4401-869B-D8B04BE6778D}"
	ProjectSection(SolutionItems) = preProject
		Portainer.txt = Portainer.txt
		Ports.txt = Ports.txt
		SqlServer.txt = SqlServer.txt
	EndProjectSection
EndProject
Project("{2150E333-8FDC-42A3-9474-1A3956D46DE8}") = "Shared", "Shared", "{3BF783DB-966F-458C-9C79-1574D65A2C27}"
EndProject
Project("{9A19103F-16F7-4668-BE54-9A1E7A4F7556}") = "UdemyMicroservices.Shared", "Shared\UdemyMicroservices.Shared\UdemyMicroservices.Shared.csproj", "{BB5E0839-C63D-47AD-B388-BA7E55E745DF}"
EndProject
Project("{2150E333-8FDC-42A3-9474-1A3956D46DE8}") = "IdentityServer", "IdentityServer", "{B3FDFBB9-F43B-4F65-933F-2A5552935B57}"
EndProject
Project("{9A19103F-16F7-4668-BE54-9A1E7A4F7556}") = "UdemyMicroservices.IdentityServer", "IdentityServer\UdemyMicroservices.IdentityServer\UdemyMicroservices.IdentityServer.csproj", "{4235DF53-F583-4800-87C5-03CD3A61EA89}"
EndProject
Project("{2150E333-8FDC-42A3-9474-1A3956D46DE8}") = "PhotoStock", "PhotoStock", "{45072016-0DFD-4BD2-B30B-E4BE062C7F02}"
EndProject
Project("{9A19103F-16F7-4668-BE54-9A1E7A4F7556}") = "UdemyMicroservices.PhotoStock", "Services\PhotoStock\UdemyMicroservices.PhotoStock\UdemyMicroservices.PhotoStock.csproj", "{5BAA6553-9239-40AC-871E-8C5D570F3256}"
EndProject
Project("{2150E333-8FDC-42A3-9474-1A3956D46DE8}") = "Basket", "Basket", "{DEB4E4C8-C0B5-49D1-B804-60384520559B}"
EndProject
Project("{FAE04EC0-301F-11D3-BF4B-00C04F79EFBC}") = "UdemyMicroservices.Basket", "Services\Basket\UdemyMicroservices.Basket\UdemyMicroservices.Basket.csproj", "{3A2B5429-878F-45B7-92BC-CE7AC6BEFA97}"
EndProject
Global
	GlobalSection(SolutionConfigurationPlatforms) = preSolution
		Debug|Any CPU = Debug|Any CPU
		Release|Any CPU = Release|Any CPU
	EndGlobalSection
	GlobalSection(ProjectConfigurationPlatforms) = postSolution
		{1017AAB1-EAB5-4959-A8AB-D8FE20843AA6}.Debug|Any CPU.ActiveCfg = Debug|Any CPU
		{1017AAB1-EAB5-4959-A8AB-D8FE20843AA6}.Debug|Any CPU.Build.0 = Debug|Any CPU
		{1017AAB1-EAB5-4959-A8AB-D8FE20843AA6}.Release|Any CPU.ActiveCfg = Release|Any CPU
		{1017AAB1-EAB5-4959-A8AB-D8FE20843AA6}.Release|Any CPU.Build.0 = Release|Any CPU
		{BB5E0839-C63D-47AD-B388-BA7E55E745DF}.Debug|Any CPU.ActiveCfg = Debug|Any CPU
		{BB5E0839-C63D-47AD-B388-BA7E55E745DF}.Debug|Any CPU.Build.0 = Debug|Any CPU
		{BB5E0839-C63D-47AD-B388-BA7E55E745DF}.Release|Any CPU.ActiveCfg = Release|Any CPU
		{BB5E0839-C63D-47AD-B388-BA7E55E745DF}.Release|Any CPU.Build.0 = Release|Any CPU
		{4235DF53-F583-4800-87C5-03CD3A61EA89}.Debug|Any CPU.ActiveCfg = Debug|Any CPU
		{4235DF53-F583-4800-87C5-03CD3A61EA89}.Debug|Any CPU.Build.0 = Debug|Any CPU
		{4235DF53-F583-4800-87C5-03CD3A61EA89}.Release|Any CPU.ActiveCfg = Release|Any CPU
		{4235DF53-F583-4800-87C5-03CD3A61EA89}.Release|Any CPU.Build.0 = Release|Any CPU
		{5BAA6553-9239-40AC-871E-8C5D570F3256}.Debug|Any CPU.ActiveCfg = Debug|Any CPU
		{5BAA6553-9239-40AC-871E-8C5D570F3256}.Debug|Any CPU.Build.0 = Debug|Any CPU
		{5BAA6553-9239-40AC-871E-8C5D570F3256}.Release|Any CPU.ActiveCfg = Release|Any CPU
		{5BAA6553-9239-40AC-871E-8C5D570F3256}.Release|Any CPU.Build.0 = Release|Any CPU
		{3A2B5429-878F-45B7-92BC-CE7AC6BEFA97}.Debug|Any CPU.ActiveCfg = Debug|Any CPU
		{3A2B5429-878F-45B7-92BC-CE7AC6BEFA97}.Debug|Any CPU.Build.0 = Debug|Any CPU
		{3A2B5429-878F-45B7-92BC-CE7AC6BEFA97}.Release|Any CPU.ActiveCfg = Release|Any CPU
		{3A2B5429-878F-45B7-92BC-CE7AC6BEFA97}.Release|Any CPU.Build.0 = Release|Any CPU
	EndGlobalSection
	GlobalSection(SolutionProperties) = preSolution
		HideSolutionNode = FALSE
	EndGlobalSection
	GlobalSection(NestedProjects) = preSolution
		{959D2222-0B5D-4D8A-A1AB-7DF70F9ABF07} = {2A233E6D-56F6-4A5D-8933-E330B3966E97}
		{1017AAB1-EAB5-4959-A8AB-D8FE20843AA6} = {959D2222-0B5D-4D8A-A1AB-7DF70F9ABF07}
		{BB5E0839-C63D-47AD-B388-BA7E55E745DF} = {3BF783DB-966F-458C-9C79-1574D65A2C27}
		{4235DF53-F583-4800-87C5-03CD3A61EA89} = {B3FDFBB9-F43B-4F65-933F-2A5552935B57}
		{45072016-0DFD-4BD2-B30B-E4BE062C7F02} = {2A233E6D-56F6-4A5D-8933-E330B3966E97}
		{5BAA6553-9239-40AC-871E-8C5D570F3256} = {45072016-0DFD-4BD2-B30B-E4BE062C7F02}
		{DEB4E4C8-C0B5-49D1-B804-60384520559B} = {2A233E6D-56F6-4A5D-8933-E330B3966E97}
		{3A2B5429-878F-45B7-92BC-CE7AC6BEFA97} = {DEB4E4C8-C0B5-49D1-B804-60384520559B}
	EndGlobalSection
	GlobalSection(ExtensibilityGlobals) = postSolution
		SolutionGuid = {DF2EE440-DAE8-43A9-B88E-F15E8EBB6F4B}
	EndGlobalSection
EndGlobal
